
Microsoft Visual Studio Solution File, Format Version 12.00
# Visual Studio 15
VisualStudioVersion = 15.0.27703.2000
MinimumVisualStudioVersion = 10.0.40219.1
Project("{FAE04EC0-301F-11D3-BF4B-00C04F79EFBC}") = "Hackaton2018", "Hackaton2018\Hackaton2018.csproj", "{890F4E70-D449-48A4-B2DE-C7E3F5F24A92}"
EndProject
Global
	GlobalSection(SolutionConfigurationPlatforms) = preSolution
		Debug|Any CPU = Debug|Any CPU
		Release|Any CPU = Release|Any CPU
	EndGlobalSection
	GlobalSection(ProjectConfigurationPlatforms) = postSolution
		{890F4E70-D449-48A4-B2DE-C7E3F5F24A92}.Debug|Any CPU.ActiveCfg = Debug|Any CPU
		{890F4E70-D449-48A4-B2DE-C7E3F5F24A92}.Debug|Any CPU.Build.0 = Debug|Any CPU
		{890F4E70-D449-48A4-B2DE-C7E3F5F24A92}.Release|Any CPU.ActiveCfg = Release|Any CPU
		{890F4E70-D449-48A4-B2DE-C7E3F5F24A92}.Release|Any CPU.Build.0 = Release|Any CPU
	EndGlobalSection
	GlobalSection(SolutionProperties) = preSolution
		HideSolutionNode = FALSE
	EndGlobalSection
	GlobalSection(ExtensibilityGlobals) = postSolution
		SolutionGuid = {998522E7-46AB-4846-8542-724CCADE1881}
	EndGlobalSection
EndGlobal
